
Microsoft Visual Studio Solution File, Format Version 12.00
# Visual Studio Version 17
VisualStudioVersion = 17.14.36623.8 d17.14
MinimumVisualStudioVersion = 10.0.40219.1
Project("{FAE04EC0-301F-11D3-BF4B-00C04F79EFBC}") = "DomesoSystem", "DomesoSystem\DomesoSystem.csproj", "{F177F7CB-2707-4B63-9E87-8B737E4E374A}"
EndProject
Global
	GlobalSection(SolutionConfigurationPlatforms) = preSolution
		Debug|Any CPU = Debug|Any CPU
		Release|Any CPU = Release|Any CPU
	EndGlobalSection
	GlobalSection(ProjectConfigurationPlatforms) = postSolution
		{F177F7CB-2707-4B63-9E87-8B737E4E374A}.Debug|Any CPU.ActiveCfg = Debug|Any CPU
		{F177F7CB-2707-4B63-9E87-8B737E4E374A}.Debug|Any CPU.Build.0 = Debug|Any CPU
		{F177F7CB-2707-4B63-9E87-8B737E4E374A}.Release|Any CPU.ActiveCfg = Release|Any CPU
		{F177F7CB-2707-4B63-9E87-8B737E4E374A}.Release|Any CPU.Build.0 = Release|Any CPU
	EndGlobalSection
	GlobalSection(SolutionProperties) = preSolution
		HideSolutionNode = FALSE
	EndGlobalSection
	GlobalSection(ExtensibilityGlobals) = postSolution
		SolutionGuid = {9478C3FB-C4CA-4B7E-8AAF-5F3EC9F0C72D}
	EndGlobalSection
EndGlobal
